// !$*UTF8*$!
{
	archiveVersion = 1;
	classes = {
	};
	objectVersion = 50;
	objects = {

/* Begin PBXBuildFile section */
		3012AEEA26B4662000650313 /* AppDelegate.swift in Sources */ = {isa = PBXBuildFile; fileRef = 3012AEE926B4662000650313 /* AppDelegate.swift */; };
		3012AEEC26B4662000650313 /* SceneDelegate.swift in Sources */ = {isa = PBXBuildFile; fileRef = 3012AEEB26B4662000650313 /* SceneDelegate.swift */; };
		3012AEF126B4662000650313 /* Main.storyboard in Resources */ = {isa = PBXBuildFile; fileRef = 3012AEEF26B4662000650313 /* Main.storyboard */; };
		3012AEF326B4662300650313 /* Assets.xcassets in Resources */ = {isa = PBXBuildFile; fileRef = 3012AEF226B4662300650313 /* Assets.xcassets */; };
		3012AEF626B4662300650313 /* LaunchScreen.storyboard in Resources */ = {isa = PBXBuildFile; fileRef = 3012AEF426B4662300650313 /* LaunchScreen.storyboard */; };
		3012AF0126B4662300650313 /* vkTests.swift in Sources */ = {isa = PBXBuildFile; fileRef = 3012AF0026B4662300650313 /* vkTests.swift */; };
		3012AF0C26B4662300650313 /* vkUITests.swift in Sources */ = {isa = PBXBuildFile; fileRef = 3012AF0B26B4662300650313 /* vkUITests.swift */; };
		3012AF1A26B4664B00650313 /* LoginViewController.swift in Sources */ = {isa = PBXBuildFile; fileRef = 3012AF1926B4664B00650313 /* LoginViewController.swift */; };
		3020610326B8568D008CCD1C /* FriendsViewController.swift in Sources */ = {isa = PBXBuildFile; fileRef = 3020610226B8568D008CCD1C /* FriendsViewController.swift */; };
		3020610626B85871008CCD1C /* FriendTableViewCell.swift in Sources */ = {isa = PBXBuildFile; fileRef = 3020610526B85871008CCD1C /* FriendTableViewCell.swift */; };
		3020610926B866CF008CCD1C /* Friend.swift in Sources */ = {isa = PBXBuildFile; fileRef = 3020610826B866CF008CCD1C /* Friend.swift */; };
		3020610C26B86B04008CCD1C /* AllPeopleTableViewController.swift in Sources */ = {isa = PBXBuildFile; fileRef = 3020610B26B86B04008CCD1C /* AllPeopleTableViewController.swift */; };
		3020610F26B8731A008CCD1C /* PeoplePhotoViewController.swift in Sources */ = {isa = PBXBuildFile; fileRef = 3020610E26B8731A008CCD1C /* PeoplePhotoViewController.swift */; };
		3020611226B87520008CCD1C /* PhotoCollectionViewCell.swift in Sources */ = {isa = PBXBuildFile; fileRef = 3020611126B87520008CCD1C /* PhotoCollectionViewCell.swift */; };
		3021895226BEE52600A9D1DE /* Group.swift in Sources */ = {isa = PBXBuildFile; fileRef = 3021895126BEE52600A9D1DE /* Group.swift */; };
		3021895426BEF15D00A9D1DE /* GroupsTableViewCell.swift in Sources */ = {isa = PBXBuildFile; fileRef = 3021895326BEF15D00A9D1DE /* GroupsTableViewCell.swift */; };
		3021895726BEF7F400A9D1DE /* SearchGroupsTableViewController.swift in Sources */ = {isa = PBXBuildFile; fileRef = 3021895626BEF7F400A9D1DE /* SearchGroupsTableViewController.swift */; };
		3021895A26BEF85B00A9D1DE /* SearchGroupTableViewCell.swift in Sources */ = {isa = PBXBuildFile; fileRef = 3021895926BEF85B00A9D1DE /* SearchGroupTableViewCell.swift */; };
		306399F026BFBBCE00231507 /* Colors.swift in Sources */ = {isa = PBXBuildFile; fileRef = 306399EF26BFBBCE00231507 /* Colors.swift */; };
		306399F426BFCE1400231507 /* AllPeopleTableViewCell.swift in Sources */ = {isa = PBXBuildFile; fileRef = 306399F226BFCE1400231507 /* AllPeopleTableViewCell.swift */; };
		306399F526BFCE1400231507 /* AllPeopleTableViewCell.xib in Resources */ = {isa = PBXBuildFile; fileRef = 306399F326BFCE1400231507 /* AllPeopleTableViewCell.xib */; };
		306399F726BFDEBD00231507 /* Test.storyboard in Resources */ = {isa = PBXBuildFile; fileRef = 306399F626BFDEBD00231507 /* Test.storyboard */; };
		306399F926BFDFE000231507 /* CustomButton.swift in Sources */ = {isa = PBXBuildFile; fileRef = 306399F826BFDFE000231507 /* CustomButton.swift */; };
		306399FC26BFE2D700231507 /* CustomView.swift in Sources */ = {isa = PBXBuildFile; fileRef = 306399FB26BFE2D700231507 /* CustomView.swift */; };
		306399FE26C0243800231507 /* TestViewController.swift in Sources */ = {isa = PBXBuildFile; fileRef = 306399FD26C0243800231507 /* TestViewController.swift */; };
		30639A0026C02AE500231507 /* ShadowView.swift in Sources */ = {isa = PBXBuildFile; fileRef = 306399FF26C02AE500231507 /* ShadowView.swift */; };
		30639A0226C02F8B00231507 /* GradientView.swift in Sources */ = {isa = PBXBuildFile; fileRef = 30639A0126C02F8B00231507 /* GradientView.swift */; };
		30639A0426C0EC3E00231507 /* CustomBtn.swift in Sources */ = {isa = PBXBuildFile; fileRef = 30639A0326C0EC3E00231507 /* CustomBtn.swift */; };
		30639A0626C112CD00231507 /* CustomImageView.swift in Sources */ = {isa = PBXBuildFile; fileRef = 30639A0526C112CD00231507 /* CustomImageView.swift */; };
		30639A0C26C122F900231507 /* CustomRoundImage.swift in Sources */ = {isa = PBXBuildFile; fileRef = 30639A0B26C122F900231507 /* CustomRoundImage.swift */; };
		3095C2E426BAF0050015C071 /* MyGroupsViewController.swift in Sources */ = {isa = PBXBuildFile; fileRef = 3095C2E326BAF0050015C071 /* MyGroupsViewController.swift */; };
/* End PBXBuildFile section */

/* Begin PBXContainerItemProxy section */
		3012AEFD26B4662300650313 /* PBXContainerItemProxy */ = {
			isa = PBXContainerItemProxy;
			containerPortal = 3012AEDE26B4662000650313 /* Project object */;
			proxyType = 1;
			remoteGlobalIDString = 3012AEE526B4662000650313;
			remoteInfo = vk;
		};
		3012AF0826B4662300650313 /* PBXContainerItemProxy */ = {
			isa = PBXContainerItemProxy;
			containerPortal = 3012AEDE26B4662000650313 /* Project object */;
			proxyType = 1;
			remoteGlobalIDString = 3012AEE526B4662000650313;
			remoteInfo = vk;
		};
/* End PBXContainerItemProxy section */

/* Begin PBXFileReference section */
		3012AEE626B4662000650313 /* vk.app */ = {isa = PBXFileReference; explicitFileType = wrapper.application; includeInIndex = 0; path = vk.app; sourceTree = BUILT_PRODUCTS_DIR; };
		3012AEE926B4662000650313 /* AppDelegate.swift */ = {isa = PBXFileReference; lastKnownFileType = sourcecode.swift; path = AppDelegate.swift; sourceTree = "<group>"; };
		3012AEEB26B4662000650313 /* SceneDelegate.swift */ = {isa = PBXFileReference; lastKnownFileType = sourcecode.swift; path = SceneDelegate.swift; sourceTree = "<group>"; };
		3012AEF026B4662000650313 /* Base */ = {isa = PBXFileReference; lastKnownFileType = file.storyboard; name = Base; path = Base.lproj/Main.storyboard; sourceTree = "<group>"; };
		3012AEF226B4662300650313 /* Assets.xcassets */ = {isa = PBXFileReference; lastKnownFileType = folder.assetcatalog; path = Assets.xcassets; sourceTree = "<group>"; };
		3012AEF526B4662300650313 /* Base */ = {isa = PBXFileReference; lastKnownFileType = file.storyboard; name = Base; path = Base.lproj/LaunchScreen.storyboard; sourceTree = "<group>"; };
		3012AEF726B4662300650313 /* Info.plist */ = {isa = PBXFileReference; lastKnownFileType = text.plist.xml; path = Info.plist; sourceTree = "<group>"; };
		3012AEFC26B4662300650313 /* vkTests.xctest */ = {isa = PBXFileReference; explicitFileType = wrapper.cfbundle; includeInIndex = 0; path = vkTests.xctest; sourceTree = BUILT_PRODUCTS_DIR; };
		3012AF0026B4662300650313 /* vkTests.swift */ = {isa = PBXFileReference; lastKnownFileType = sourcecode.swift; path = vkTests.swift; sourceTree = "<group>"; };
		3012AF0226B4662300650313 /* Info.plist */ = {isa = PBXFileReference; lastKnownFileType = text.plist.xml; path = Info.plist; sourceTree = "<group>"; };
		3012AF0726B4662300650313 /* vkUITests.xctest */ = {isa = PBXFileReference; explicitFileType = wrapper.cfbundle; includeInIndex = 0; path = vkUITests.xctest; sourceTree = BUILT_PRODUCTS_DIR; };
		3012AF0B26B4662300650313 /* vkUITests.swift */ = {isa = PBXFileReference; lastKnownFileType = sourcecode.swift; path = vkUITests.swift; sourceTree = "<group>"; };
		3012AF0D26B4662300650313 /* Info.plist */ = {isa = PBXFileReference; lastKnownFileType = text.plist.xml; path = Info.plist; sourceTree = "<group>"; };
		3012AF1926B4664B00650313 /* LoginViewController.swift */ = {isa = PBXFileReference; lastKnownFileType = sourcecode.swift; path = LoginViewController.swift; sourceTree = "<group>"; xcLanguageSpecificationIdentifier = xcode.lang.swift; };
		3020610226B8568D008CCD1C /* FriendsViewController.swift */ = {isa = PBXFileReference; lastKnownFileType = sourcecode.swift; path = FriendsViewController.swift; sourceTree = "<group>"; };
		3020610526B85871008CCD1C /* FriendTableViewCell.swift */ = {isa = PBXFileReference; lastKnownFileType = sourcecode.swift; path = FriendTableViewCell.swift; sourceTree = "<group>"; };
		3020610826B866CF008CCD1C /* Friend.swift */ = {isa = PBXFileReference; lastKnownFileType = sourcecode.swift; path = Friend.swift; sourceTree = "<group>"; };
		3020610B26B86B04008CCD1C /* AllPeopleTableViewController.swift */ = {isa = PBXFileReference; lastKnownFileType = sourcecode.swift; path = AllPeopleTableViewController.swift; sourceTree = "<group>"; };
		3020610E26B8731A008CCD1C /* PeoplePhotoViewController.swift */ = {isa = PBXFileReference; lastKnownFileType = sourcecode.swift; path = PeoplePhotoViewController.swift; sourceTree = "<group>"; };
		3020611126B87520008CCD1C /* PhotoCollectionViewCell.swift */ = {isa = PBXFileReference; lastKnownFileType = sourcecode.swift; path = PhotoCollectionViewCell.swift; sourceTree = "<group>"; };
		3021895126BEE52600A9D1DE /* Group.swift */ = {isa = PBXFileReference; lastKnownFileType = sourcecode.swift; path = Group.swift; sourceTree = "<group>"; };
		3021895326BEF15D00A9D1DE /* GroupsTableViewCell.swift */ = {isa = PBXFileReference; lastKnownFileType = sourcecode.swift; path = GroupsTableViewCell.swift; sourceTree = "<group>"; };
		3021895626BEF7F400A9D1DE /* SearchGroupsTableViewController.swift */ = {isa = PBXFileReference; lastKnownFileType = sourcecode.swift; path = SearchGroupsTableViewController.swift; sourceTree = "<group>"; };
		3021895926BEF85B00A9D1DE /* SearchGroupTableViewCell.swift */ = {isa = PBXFileReference; lastKnownFileType = sourcecode.swift; path = SearchGroupTableViewCell.swift; sourceTree = "<group>"; };
		306399EF26BFBBCE00231507 /* Colors.swift */ = {isa = PBXFileReference; lastKnownFileType = sourcecode.swift; path = Colors.swift; sourceTree = "<group>"; };
		306399F226BFCE1400231507 /* AllPeopleTableViewCell.swift */ = {isa = PBXFileReference; lastKnownFileType = sourcecode.swift; path = AllPeopleTableViewCell.swift; sourceTree = "<group>"; };
		306399F326BFCE1400231507 /* AllPeopleTableViewCell.xib */ = {isa = PBXFileReference; lastKnownFileType = file.xib; path = AllPeopleTableViewCell.xib; sourceTree = "<group>"; };
		306399F626BFDEBD00231507 /* Test.storyboard */ = {isa = PBXFileReference; lastKnownFileType = file.storyboard; path = Test.storyboard; sourceTree = "<group>"; };
		306399F826BFDFE000231507 /* CustomButton.swift */ = {isa = PBXFileReference; lastKnownFileType = sourcecode.swift; path = CustomButton.swift; sourceTree = "<group>"; };
		306399FB26BFE2D700231507 /* CustomView.swift */ = {isa = PBXFileReference; lastKnownFileType = sourcecode.swift; path = CustomView.swift; sourceTree = "<group>"; };
		306399FD26C0243800231507 /* TestViewController.swift */ = {isa = PBXFileReference; lastKnownFileType = sourcecode.swift; path = TestViewController.swift; sourceTree = "<group>"; };
		306399FF26C02AE500231507 /* ShadowView.swift */ = {isa = PBXFileReference; lastKnownFileType = sourcecode.swift; path = ShadowView.swift; sourceTree = "<group>"; };
		30639A0126C02F8B00231507 /* GradientView.swift */ = {isa = PBXFileReference; lastKnownFileType = sourcecode.swift; path = GradientView.swift; sourceTree = "<group>"; };
		30639A0326C0EC3E00231507 /* CustomBtn.swift */ = {isa = PBXFileReference; lastKnownFileType = sourcecode.swift; path = CustomBtn.swift; sourceTree = "<group>"; };
		30639A0526C112CD00231507 /* CustomImageView.swift */ = {isa = PBXFileReference; lastKnownFileType = sourcecode.swift; path = CustomImageView.swift; sourceTree = "<group>"; };
		30639A0B26C122F900231507 /* CustomRoundImage.swift */ = {isa = PBXFileReference; lastKnownFileType = sourcecode.swift; path = CustomRoundImage.swift; sourceTree = "<group>"; };
		3095C2E326BAF0050015C071 /* MyGroupsViewController.swift */ = {isa = PBXFileReference; lastKnownFileType = sourcecode.swift; path = MyGroupsViewController.swift; sourceTree = "<group>"; };
/* End PBXFileReference section */

/* Begin PBXFrameworksBuildPhase section */
		3012AEE326B4662000650313 /* Frameworks */ = {
			isa = PBXFrameworksBuildPhase;
			buildActionMask = 2147483647;
			files = (
			);
			runOnlyForDeploymentPostprocessing = 0;
		};
		3012AEF926B4662300650313 /* Frameworks */ = {
			isa = PBXFrameworksBuildPhase;
			buildActionMask = 2147483647;
			files = (
			);
			runOnlyForDeploymentPostprocessing = 0;
		};
		3012AF0426B4662300650313 /* Frameworks */ = {
			isa = PBXFrameworksBuildPhase;
			buildActionMask = 2147483647;
			files = (
			);
			runOnlyForDeploymentPostprocessing = 0;
		};
/* End PBXFrameworksBuildPhase section */

/* Begin PBXGroup section */
		3012AEDD26B4662000650313 = {
			isa = PBXGroup;
			children = (
				3012AEE826B4662000650313 /* vk */,
				3012AEFF26B4662300650313 /* vkTests */,
				3012AF0A26B4662300650313 /* vkUITests */,
				3012AEE726B4662000650313 /* Products */,
			);
			sourceTree = "<group>";
		};
		3012AEE726B4662000650313 /* Products */ = {
			isa = PBXGroup;
			children = (
				3012AEE626B4662000650313 /* vk.app */,
				3012AEFC26B4662300650313 /* vkTests.xctest */,
				3012AF0726B4662300650313 /* vkUITests.xctest */,
			);
			name = Products;
			sourceTree = "<group>";
		};
		3012AEE826B4662000650313 /* vk */ = {
			isa = PBXGroup;
			children = (
				3012AEE926B4662000650313 /* AppDelegate.swift */,
				3012AEEB26B4662000650313 /* SceneDelegate.swift */,
				306399EE26BFBBAB00231507 /* Styles */,
				3020610726B866A1008CCD1C /* Models */,
				302060FD26B855C4008CCD1C /* Scenes */,
				3012AEEF26B4662000650313 /* Main.storyboard */,
				306399FA26BFDFE700231507 /* Test Field */,
				3012AEF226B4662300650313 /* Assets.xcassets */,
				3012AEF426B4662300650313 /* LaunchScreen.storyboard */,
				3012AEF726B4662300650313 /* Info.plist */,
			);
			path = vk;
			sourceTree = "<group>";
		};
		3012AEFF26B4662300650313 /* vkTests */ = {
			isa = PBXGroup;
			children = (
				3012AF0026B4662300650313 /* vkTests.swift */,
				3012AF0226B4662300650313 /* Info.plist */,
			);
			path = vkTests;
			sourceTree = "<group>";
		};
		3012AF0A26B4662300650313 /* vkUITests */ = {
			isa = PBXGroup;
			children = (
				3012AF0B26B4662300650313 /* vkUITests.swift */,
				3012AF0D26B4662300650313 /* Info.plist */,
			);
			path = vkUITests;
			sourceTree = "<group>";
		};
		302060FD26B855C4008CCD1C /* Scenes */ = {
			isa = PBXGroup;
			children = (
				3021895526BEF7B000A9D1DE /* SearchGroups */,
				3095C2E226BAEF230015C071 /* MyGroups */,
				3020610D26B872B0008CCD1C /* PeoplePhotos */,
				3020610A26B86A73008CCD1C /* AllPeople */,
				302060FF26B855F2008CCD1C /* Friends */,
				302060FE26B855D9008CCD1C /* Login */,
			);
			path = Scenes;
			sourceTree = "<group>";
		};
		302060FE26B855D9008CCD1C /* Login */ = {
			isa = PBXGroup;
			children = (
				3012AF1926B4664B00650313 /* LoginViewController.swift */,
			);
			path = Login;
			sourceTree = "<group>";
		};
		302060FF26B855F2008CCD1C /* Friends */ = {
			isa = PBXGroup;
			children = (
				3020610426B85826008CCD1C /* Cells */,
				3020610226B8568D008CCD1C /* FriendsViewController.swift */,
			);
			path = Friends;
			sourceTree = "<group>";
		};
		3020610426B85826008CCD1C /* Cells */ = {
			isa = PBXGroup;
			children = (
				3020610526B85871008CCD1C /* FriendTableViewCell.swift */,
			);
			path = Cells;
			sourceTree = "<group>";
		};
		3020610726B866A1008CCD1C /* Models */ = {
			isa = PBXGroup;
			children = (
				3020610826B866CF008CCD1C /* Friend.swift */,
				3021895126BEE52600A9D1DE /* Group.swift */,
			);
			path = Models;
			sourceTree = "<group>";
		};
		3020610A26B86A73008CCD1C /* AllPeople */ = {
			isa = PBXGroup;
			children = (
				306399F126BFCDD900231507 /* Cell */,
				3020610B26B86B04008CCD1C /* AllPeopleTableViewController.swift */,
			);
			path = AllPeople;
			sourceTree = "<group>";
		};
		3020610D26B872B0008CCD1C /* PeoplePhotos */ = {
			isa = PBXGroup;
			children = (
				3020611026B874EF008CCD1C /* Cell */,
				3020610E26B8731A008CCD1C /* PeoplePhotoViewController.swift */,
			);
			path = PeoplePhotos;
			sourceTree = "<group>";
		};
		3020611026B874EF008CCD1C /* Cell */ = {
			isa = PBXGroup;
			children = (
				3020611126B87520008CCD1C /* PhotoCollectionViewCell.swift */,
			);
			path = Cell;
			sourceTree = "<group>";
		};
		3021894E26BEE15300A9D1DE /* Cell */ = {
			isa = PBXGroup;
			children = (
				3021895326BEF15D00A9D1DE /* GroupsTableViewCell.swift */,
			);
			path = Cell;
			sourceTree = "<group>";
		};
		3021895526BEF7B000A9D1DE /* SearchGroups */ = {
			isa = PBXGroup;
			children = (
				3021895826BEF82600A9D1DE /* Cell */,
				3021895626BEF7F400A9D1DE /* SearchGroupsTableViewController.swift */,
			);
			path = SearchGroups;
			sourceTree = "<group>";
		};
		3021895826BEF82600A9D1DE /* Cell */ = {
			isa = PBXGroup;
			children = (
				3021895926BEF85B00A9D1DE /* SearchGroupTableViewCell.swift */,
			);
			path = Cell;
			sourceTree = "<group>";
		};
		306399EE26BFBBAB00231507 /* Styles */ = {
			isa = PBXGroup;
			children = (
				306399EF26BFBBCE00231507 /* Colors.swift */,
			);
			path = Styles;
			sourceTree = "<group>";
		};
		306399F126BFCDD900231507 /* Cell */ = {
			isa = PBXGroup;
			children = (
				306399F226BFCE1400231507 /* AllPeopleTableViewCell.swift */,
				306399F326BFCE1400231507 /* AllPeopleTableViewCell.xib */,
			);
			path = Cell;
			sourceTree = "<group>";
		};
		306399FA26BFDFE700231507 /* Test Field */ = {
			isa = PBXGroup;
			children = (
				30639A0126C02F8B00231507 /* GradientView.swift */,
				30639A0B26C122F900231507 /* CustomRoundImage.swift */,
				306399F626BFDEBD00231507 /* Test.storyboard */,
				306399FD26C0243800231507 /* TestViewController.swift */,
				306399F826BFDFE000231507 /* CustomButton.swift */,
				30639A0526C112CD00231507 /* CustomImageView.swift */,
				30639A0326C0EC3E00231507 /* CustomBtn.swift */,
				306399FB26BFE2D700231507 /* CustomView.swift */,
				306399FF26C02AE500231507 /* ShadowView.swift */,
			);
			path = "Test Field";
			sourceTree = "<group>";
		};
		3095C2E226BAEF230015C071 /* MyGroups */ = {
			isa = PBXGroup;
			children = (
				3021894E26BEE15300A9D1DE /* Cell */,
				3095C2E326BAF0050015C071 /* MyGroupsViewController.swift */,
			);
			path = MyGroups;
			sourceTree = "<group>";
		};
/* End PBXGroup section */

/* Begin PBXNativeTarget section */
		3012AEE526B4662000650313 /* vk */ = {
			isa = PBXNativeTarget;
			buildConfigurationList = 3012AF1026B4662300650313 /* Build configuration list for PBXNativeTarget "vk" */;
			buildPhases = (
				3012AEE226B4662000650313 /* Sources */,
				3012AEE326B4662000650313 /* Frameworks */,
				3012AEE426B4662000650313 /* Resources */,
			);
			buildRules = (
			);
			dependencies = (
			);
			name = vk;
			productName = vk;
			productReference = 3012AEE626B4662000650313 /* vk.app */;
			productType = "com.apple.product-type.application";
		};
		3012AEFB26B4662300650313 /* vkTests */ = {
			isa = PBXNativeTarget;
			buildConfigurationList = 3012AF1326B4662300650313 /* Build configuration list for PBXNativeTarget "vkTests" */;
			buildPhases = (
				3012AEF826B4662300650313 /* Sources */,
				3012AEF926B4662300650313 /* Frameworks */,
				3012AEFA26B4662300650313 /* Resources */,
			);
			buildRules = (
			);
			dependencies = (
				3012AEFE26B4662300650313 /* PBXTargetDependency */,
			);
			name = vkTests;
			productName = vkTests;
			productReference = 3012AEFC26B4662300650313 /* vkTests.xctest */;
			productType = "com.apple.product-type.bundle.unit-test";
		};
		3012AF0626B4662300650313 /* vkUITests */ = {
			isa = PBXNativeTarget;
			buildConfigurationList = 3012AF1626B4662300650313 /* Build configuration list for PBXNativeTarget "vkUITests" */;
			buildPhases = (
				3012AF0326B4662300650313 /* Sources */,
				3012AF0426B4662300650313 /* Frameworks */,
				3012AF0526B4662300650313 /* Resources */,
			);
			buildRules = (
			);
			dependencies = (
				3012AF0926B4662300650313 /* PBXTargetDependency */,
			);
			name = vkUITests;
			productName = vkUITests;
			productReference = 3012AF0726B4662300650313 /* vkUITests.xctest */;
			productType = "com.apple.product-type.bundle.ui-testing";
		};
/* End PBXNativeTarget section */

/* Begin PBXProject section */
		3012AEDE26B4662000650313 /* Project object */ = {
			isa = PBXProject;
			attributes = {
				LastSwiftUpdateCheck = 1250;
				LastUpgradeCheck = 1250;
				TargetAttributes = {
					3012AEE526B4662000650313 = {
						CreatedOnToolsVersion = 12.5.1;
					};
					3012AEFB26B4662300650313 = {
						CreatedOnToolsVersion = 12.5.1;
						TestTargetID = 3012AEE526B4662000650313;
					};
					3012AF0626B4662300650313 = {
						CreatedOnToolsVersion = 12.5.1;
						TestTargetID = 3012AEE526B4662000650313;
					};
				};
			};
			buildConfigurationList = 3012AEE126B4662000650313 /* Build configuration list for PBXProject "vk" */;
			compatibilityVersion = "Xcode 9.3";
			developmentRegion = en;
			hasScannedForEncodings = 0;
			knownRegions = (
				en,
				Base,
			);
			mainGroup = 3012AEDD26B4662000650313;
			productRefGroup = 3012AEE726B4662000650313 /* Products */;
			projectDirPath = "";
			projectRoot = "";
			targets = (
				3012AEE526B4662000650313 /* vk */,
				3012AEFB26B4662300650313 /* vkTests */,
				3012AF0626B4662300650313 /* vkUITests */,
			);
		};
/* End PBXProject section */

/* Begin PBXResourcesBuildPhase section */
		3012AEE426B4662000650313 /* Resources */ = {
			isa = PBXResourcesBuildPhase;
			buildActionMask = 2147483647;
			files = (
				306399F526BFCE1400231507 /* AllPeopleTableViewCell.xib in Resources */,
				3012AEF626B4662300650313 /* LaunchScreen.storyboard in Resources */,
				3012AEF326B4662300650313 /* Assets.xcassets in Resources */,
				3012AEF126B4662000650313 /* Main.storyboard in Resources */,
				306399F726BFDEBD00231507 /* Test.storyboard in Resources */,
			);
			runOnlyForDeploymentPostprocessing = 0;
		};
		3012AEFA26B4662300650313 /* Resources */ = {
			isa = PBXResourcesBuildPhase;
			buildActionMask = 2147483647;
			files = (
			);
			runOnlyForDeploymentPostprocessing = 0;
		};
		3012AF0526B4662300650313 /* Resources */ = {
			isa = PBXResourcesBuildPhase;
			buildActionMask = 2147483647;
			files = (
			);
			runOnlyForDeploymentPostprocessing = 0;
		};
/* End PBXResourcesBuildPhase section */

/* Begin PBXSourcesBuildPhase section */
		3012AEE226B4662000650313 /* Sources */ = {
			isa = PBXSourcesBuildPhase;
			buildActionMask = 2147483647;
			files = (
				3020610F26B8731A008CCD1C /* PeoplePhotoViewController.swift in Sources */,
				306399FE26C0243800231507 /* TestViewController.swift in Sources */,
				30639A0626C112CD00231507 /* CustomImageView.swift in Sources */,
				306399F026BFBBCE00231507 /* Colors.swift in Sources */,
				3021895A26BEF85B00A9D1DE /* SearchGroupTableViewCell.swift in Sources */,
				30639A0026C02AE500231507 /* ShadowView.swift in Sources */,
				306399FC26BFE2D700231507 /* CustomView.swift in Sources */,
				3020610326B8568D008CCD1C /* FriendsViewController.swift in Sources */,
				3012AF1A26B4664B00650313 /* LoginViewController.swift in Sources */,
				3020610C26B86B04008CCD1C /* AllPeopleTableViewController.swift in Sources */,
				3021895226BEE52600A9D1DE /* Group.swift in Sources */,
				3095C2E426BAF0050015C071 /* MyGroupsViewController.swift in Sources */,
				30639A0426C0EC3E00231507 /* CustomBtn.swift in Sources */,
				30639A0226C02F8B00231507 /* GradientView.swift in Sources */,
				306399F426BFCE1400231507 /* AllPeopleTableViewCell.swift in Sources */,
				3020610626B85871008CCD1C /* FriendTableViewCell.swift in Sources */,
				3021895426BEF15D00A9D1DE /* GroupsTableViewCell.swift in Sources */,
				3020611226B87520008CCD1C /* PhotoCollectionViewCell.swift in Sources */,
				3020610926B866CF008CCD1C /* Friend.swift in Sources */,
				306399F926BFDFE000231507 /* CustomButton.swift in Sources */,
				3012AEEA26B4662000650313 /* AppDelegate.swift in Sources */,
				3012AEEC26B4662000650313 /* SceneDelegate.swift in Sources */,
				3021895726BEF7F400A9D1DE /* SearchGroupsTableViewController.swift in Sources */,
				30639A0C26C122F900231507 /* CustomRoundImage.swift in Sources */,
			);
			runOnlyForDeploymentPostprocessing = 0;
		};
		3012AEF826B4662300650313 /* Sources */ = {
			isa = PBXSourcesBuildPhase;
			buildActionMask = 2147483647;
			files = (
				3012AF0126B4662300650313 /* vkTests.swift in Sources */,
			);
			runOnlyForDeploymentPostprocessing = 0;
		};
		3012AF0326B4662300650313 /* Sources */ = {
			isa = PBXSourcesBuildPhase;
			buildActionMask = 2147483647;
			files = (
				3012AF0C26B4662300650313 /* vkUITests.swift in Sources */,
			);
			runOnlyForDeploymentPostprocessing = 0;
		};
/* End PBXSourcesBuildPhase section */

/* Begin PBXTargetDependency section */
		3012AEFE26B4662300650313 /* PBXTargetDependency */ = {
			isa = PBXTargetDependency;
			target = 3012AEE526B4662000650313 /* vk */;
			targetProxy = 3012AEFD26B4662300650313 /* PBXContainerItemProxy */;
		};
		3012AF0926B4662300650313 /* PBXTargetDependency */ = {
			isa = PBXTargetDependency;
			target = 3012AEE526B4662000650313 /* vk */;
			targetProxy = 3012AF0826B4662300650313 /* PBXContainerItemProxy */;
		};
/* End PBXTargetDependency section */

/* Begin PBXVariantGroup section */
		3012AEEF26B4662000650313 /* Main.storyboard */ = {
			isa = PBXVariantGroup;
			children = (
				3012AEF026B4662000650313 /* Base */,
			);
			name = Main.storyboard;
			sourceTree = "<group>";
		};
		3012AEF426B4662300650313 /* LaunchScreen.storyboard */ = {
			isa = PBXVariantGroup;
			children = (
				3012AEF526B4662300650313 /* Base */,
			);
			name = LaunchScreen.storyboard;
			sourceTree = "<group>";
		};
/* End PBXVariantGroup section */

/* Begin XCBuildConfiguration section */
		3012AF0E26B4662300650313 /* Debug */ = {
			isa = XCBuildConfiguration;
			buildSettings = {
				ALWAYS_SEARCH_USER_PATHS = NO;
				CLANG_ANALYZER_NONNULL = YES;
				CLANG_ANALYZER_NUMBER_OBJECT_CONVERSION = YES_AGGRESSIVE;
				CLANG_CXX_LANGUAGE_STANDARD = "gnu++14";
				CLANG_CXX_LIBRARY = "libc++";
				CLANG_ENABLE_MODULES = YES;
				CLANG_ENABLE_OBJC_ARC = YES;
				CLANG_ENABLE_OBJC_WEAK = YES;
				CLANG_WARN_BLOCK_CAPTURE_AUTORELEASING = YES;
				CLANG_WARN_BOOL_CONVERSION = YES;
				CLANG_WARN_COMMA = YES;
				CLANG_WARN_CONSTANT_CONVERSION = YES;
				CLANG_WARN_DEPRECATED_OBJC_IMPLEMENTATIONS = YES;
				CLANG_WARN_DIRECT_OBJC_ISA_USAGE = YES_ERROR;
				CLANG_WARN_DOCUMENTATION_COMMENTS = YES;
				CLANG_WARN_EMPTY_BODY = YES;
				CLANG_WARN_ENUM_CONVERSION = YES;
				CLANG_WARN_INFINITE_RECURSION = YES;
				CLANG_WARN_INT_CONVERSION = YES;
				CLANG_WARN_NON_LITERAL_NULL_CONVERSION = YES;
				CLANG_WARN_OBJC_IMPLICIT_RETAIN_SELF = YES;
				CLANG_WARN_OBJC_LITERAL_CONVERSION = YES;
				CLANG_WARN_OBJC_ROOT_CLASS = YES_ERROR;
				CLANG_WARN_QUOTED_INCLUDE_IN_FRAMEWORK_HEADER = YES;
				CLANG_WARN_RANGE_LOOP_ANALYSIS = YES;
				CLANG_WARN_STRICT_PROTOTYPES = YES;
				CLANG_WARN_SUSPICIOUS_MOVE = YES;
				CLANG_WARN_UNGUARDED_AVAILABILITY = YES_AGGRESSIVE;
				CLANG_WARN_UNREACHABLE_CODE = YES;
				CLANG_WARN__DUPLICATE_METHOD_MATCH = YES;
				COPY_PHASE_STRIP = NO;
				DEBUG_INFORMATION_FORMAT = dwarf;
				ENABLE_STRICT_OBJC_MSGSEND = YES;
				ENABLE_TESTABILITY = YES;
				GCC_C_LANGUAGE_STANDARD = gnu11;
				GCC_DYNAMIC_NO_PIC = NO;
				GCC_NO_COMMON_BLOCKS = YES;
				GCC_OPTIMIZATION_LEVEL = 0;
				GCC_PREPROCESSOR_DEFINITIONS = (
					"DEBUG=1",
					"$(inherited)",
				);
				GCC_WARN_64_TO_32_BIT_CONVERSION = YES;
				GCC_WARN_ABOUT_RETURN_TYPE = YES_ERROR;
				GCC_WARN_UNDECLARED_SELECTOR = YES;
				GCC_WARN_UNINITIALIZED_AUTOS = YES_AGGRESSIVE;
				GCC_WARN_UNUSED_FUNCTION = YES;
				GCC_WARN_UNUSED_VARIABLE = YES;
				IPHONEOS_DEPLOYMENT_TARGET = 14.5;
				MTL_ENABLE_DEBUG_INFO = INCLUDE_SOURCE;
				MTL_FAST_MATH = YES;
				ONLY_ACTIVE_ARCH = YES;
				SDKROOT = iphoneos;
				SWIFT_ACTIVE_COMPILATION_CONDITIONS = DEBUG;
				SWIFT_OPTIMIZATION_LEVEL = "-Onone";
			};
			name = Debug;
		};
		3012AF0F26B4662300650313 /* Release */ = {
			isa = XCBuildConfiguration;
			buildSettings = {
				ALWAYS_SEARCH_USER_PATHS = NO;
				CLANG_ANALYZER_NONNULL = YES;
				CLANG_ANALYZER_NUMBER_OBJECT_CONVERSION = YES_AGGRESSIVE;
				CLANG_CXX_LANGUAGE_STANDARD = "gnu++14";
				CLANG_CXX_LIBRARY = "libc++";
				CLANG_ENABLE_MODULES = YES;
				CLANG_ENABLE_OBJC_ARC = YES;
				CLANG_ENABLE_OBJC_WEAK = YES;
				CLANG_WARN_BLOCK_CAPTURE_AUTORELEASING = YES;
				CLANG_WARN_BOOL_CONVERSION = YES;
				CLANG_WARN_COMMA = YES;
				CLANG_WARN_CONSTANT_CONVERSION = YES;
				CLANG_WARN_DEPRECATED_OBJC_IMPLEMENTATIONS = YES;
				CLANG_WARN_DIRECT_OBJC_ISA_USAGE = YES_ERROR;
				CLANG_WARN_DOCUMENTATION_COMMENTS = YES;
				CLANG_WARN_EMPTY_BODY = YES;
				CLANG_WARN_ENUM_CONVERSION = YES;
				CLANG_WARN_INFINITE_RECURSION = YES;
				CLANG_WARN_INT_CONVERSION = YES;
				CLANG_WARN_NON_LITERAL_NULL_CONVERSION = YES;
				CLANG_WARN_OBJC_IMPLICIT_RETAIN_SELF = YES;
				CLANG_WARN_OBJC_LITERAL_CONVERSION = YES;
				CLANG_WARN_OBJC_ROOT_CLASS = YES_ERROR;
				CLANG_WARN_QUOTED_INCLUDE_IN_FRAMEWORK_HEADER = YES;
				CLANG_WARN_RANGE_LOOP_ANALYSIS = YES;
				CLANG_WARN_STRICT_PROTOTYPES = YES;
				CLANG_WARN_SUSPICIOUS_MOVE = YES;
				CLANG_WARN_UNGUARDED_AVAILABILITY = YES_AGGRESSIVE;
				CLANG_WARN_UNREACHABLE_CODE = YES;
				CLANG_WARN__DUPLICATE_METHOD_MATCH = YES;
				COPY_PHASE_STRIP = NO;
				DEBUG_INFORMATION_FORMAT = "dwarf-with-dsym";
				ENABLE_NS_ASSERTIONS = NO;
				ENABLE_STRICT_OBJC_MSGSEND = YES;
				GCC_C_LANGUAGE_STANDARD = gnu11;
				GCC_NO_COMMON_BLOCKS = YES;
				GCC_WARN_64_TO_32_BIT_CONVERSION = YES;
				GCC_WARN_ABOUT_RETURN_TYPE = YES_ERROR;
				GCC_WARN_UNDECLARED_SELECTOR = YES;
				GCC_WARN_UNINITIALIZED_AUTOS = YES_AGGRESSIVE;
				GCC_WARN_UNUSED_FUNCTION = YES;
				GCC_WARN_UNUSED_VARIABLE = YES;
				IPHONEOS_DEPLOYMENT_TARGET = 14.5;
				MTL_ENABLE_DEBUG_INFO = NO;
				MTL_FAST_MATH = YES;
				SDKROOT = iphoneos;
				SWIFT_COMPILATION_MODE = wholemodule;
				SWIFT_OPTIMIZATION_LEVEL = "-O";
				VALIDATE_PRODUCT = YES;
			};
			name = Release;
		};
		3012AF1126B4662300650313 /* Debug */ = {
			isa = XCBuildConfiguration;
			buildSettings = {
				ASSETCATALOG_COMPILER_APPICON_NAME = AppIcon;
				ASSETCATALOG_COMPILER_GLOBAL_ACCENT_COLOR_NAME = AccentColor;
				CODE_SIGN_STYLE = Automatic;
				INFOPLIST_FILE = vk/Info.plist;
				LD_RUNPATH_SEARCH_PATHS = (
					"$(inherited)",
					"@executable_path/Frameworks",
				);
				PRODUCT_BUNDLE_IDENTIFIER = Roman.vk;
				PRODUCT_NAME = "$(TARGET_NAME)";
				SWIFT_VERSION = 5.0;
				TARGETED_DEVICE_FAMILY = "1,2";
			};
			name = Debug;
		};
		3012AF1226B4662300650313 /* Release */ = {
			isa = XCBuildConfiguration;
			buildSettings = {
				ASSETCATALOG_COMPILER_APPICON_NAME = AppIcon;
				ASSETCATALOG_COMPILER_GLOBAL_ACCENT_COLOR_NAME = AccentColor;
				CODE_SIGN_STYLE = Automatic;
				INFOPLIST_FILE = vk/Info.plist;
				LD_RUNPATH_SEARCH_PATHS = (
					"$(inherited)",
					"@executable_path/Frameworks",
				);
				PRODUCT_BUNDLE_IDENTIFIER = Roman.vk;
				PRODUCT_NAME = "$(TARGET_NAME)";
				SWIFT_VERSION = 5.0;
				TARGETED_DEVICE_FAMILY = "1,2";
			};
			name = Release;
		};
		3012AF1426B4662300650313 /* Debug */ = {
			isa = XCBuildConfiguration;
			buildSettings = {
				ALWAYS_EMBED_SWIFT_STANDARD_LIBRARIES = YES;
				BUNDLE_LOADER = "$(TEST_HOST)";
				CODE_SIGN_STYLE = Automatic;
				INFOPLIST_FILE = vkTests/Info.plist;
				IPHONEOS_DEPLOYMENT_TARGET = 14.5;
				LD_RUNPATH_SEARCH_PATHS = (
					"$(inherited)",
					"@executable_path/Frameworks",
					"@loader_path/Frameworks",
				);
				PRODUCT_BUNDLE_IDENTIFIER = Roman.vkTests;
				PRODUCT_NAME = "$(TARGET_NAME)";
				SWIFT_VERSION = 5.0;
				TARGETED_DEVICE_FAMILY = "1,2";
				TEST_HOST = "$(BUILT_PRODUCTS_DIR)/vk.app/vk";
			};
			name = Debug;
		};
		3012AF1526B4662300650313 /* Release */ = {
			isa = XCBuildConfiguration;
			buildSettings = {
				ALWAYS_EMBED_SWIFT_STANDARD_LIBRARIES = YES;
				BUNDLE_LOADER = "$(TEST_HOST)";
				CODE_SIGN_STYLE = Automatic;
				INFOPLIST_FILE = vkTests/Info.plist;
				IPHONEOS_DEPLOYMENT_TARGET = 14.5;
				LD_RUNPATH_SEARCH_PATHS = (
					"$(inherited)",
					"@executable_path/Frameworks",
					"@loader_path/Frameworks",
				);
				PRODUCT_BUNDLE_IDENTIFIER = Roman.vkTests;
				PRODUCT_NAME = "$(TARGET_NAME)";
				SWIFT_VERSION = 5.0;
				TARGETED_DEVICE_FAMILY = "1,2";
				TEST_HOST = "$(BUILT_PRODUCTS_DIR)/vk.app/vk";
			};
			name = Release;
		};
		3012AF1726B4662300650313 /* Debug */ = {
			isa = XCBuildConfiguration;
			buildSettings = {
				ALWAYS_EMBED_SWIFT_STANDARD_LIBRARIES = YES;
				CODE_SIGN_STYLE = Automatic;
				INFOPLIST_FILE = vkUITests/Info.plist;
				LD_RUNPATH_SEARCH_PATHS = (
					"$(inherited)",
					"@executable_path/Frameworks",
					"@loader_path/Frameworks",
				);
				PRODUCT_BUNDLE_IDENTIFIER = Roman.vkUITests;
				PRODUCT_NAME = "$(TARGET_NAME)";
				SWIFT_VERSION = 5.0;
				TARGETED_DEVICE_FAMILY = "1,2";
				TEST_TARGET_NAME = vk;
			};
			name = Debug;
		};
		3012AF1826B4662300650313 /* Release */ = {
			isa = XCBuildConfiguration;
			buildSettings = {
				ALWAYS_EMBED_SWIFT_STANDARD_LIBRARIES = YES;
				CODE_SIGN_STYLE = Automatic;
				INFOPLIST_FILE = vkUITests/Info.plist;
				LD_RUNPATH_SEARCH_PATHS = (
					"$(inherited)",
					"@executable_path/Frameworks",
					"@loader_path/Frameworks",
				);
				PRODUCT_BUNDLE_IDENTIFIER = Roman.vkUITests;
				PRODUCT_NAME = "$(TARGET_NAME)";
				SWIFT_VERSION = 5.0;
				TARGETED_DEVICE_FAMILY = "1,2";
				TEST_TARGET_NAME = vk;
			};
			name = Release;
		};
/* End XCBuildConfiguration section */

/* Begin XCConfigurationList section */
		3012AEE126B4662000650313 /* Build configuration list for PBXProject "vk" */ = {
			isa = XCConfigurationList;
			buildConfigurations = (
				3012AF0E26B4662300650313 /* Debug */,
				3012AF0F26B4662300650313 /* Release */,
			);
			defaultConfigurationIsVisible = 0;
			defaultConfigurationName = Release;
		};
		3012AF1026B4662300650313 /* Build configuration list for PBXNativeTarget "vk" */ = {
			isa = XCConfigurationList;
			buildConfigurations = (
				3012AF1126B4662300650313 /* Debug */,
				3012AF1226B4662300650313 /* Release */,
			);
			defaultConfigurationIsVisible = 0;
			defaultConfigurationName = Release;
		};
		3012AF1326B4662300650313 /* Build configuration list for PBXNativeTarget "vkTests" */ = {
			isa = XCConfigurationList;
			buildConfigurations = (
				3012AF1426B4662300650313 /* Debug */,
				3012AF1526B4662300650313 /* Release */,
			);
			defaultConfigurationIsVisible = 0;
			defaultConfigurationName = Release;
		};
		3012AF1626B4662300650313 /* Build configuration list for PBXNativeTarget "vkUITests" */ = {
			isa = XCConfigurationList;
			buildConfigurations = (
				3012AF1726B4662300650313 /* Debug */,
				3012AF1826B4662300650313 /* Release */,
			);
			defaultConfigurationIsVisible = 0;
			defaultConfigurationName = Release;
		};
/* End XCConfigurationList section */
	};
	rootObject = 3012AEDE26B4662000650313 /* Project object */;
}
